
Microsoft Visual Studio Solution File, Format Version 12.00
# Visual Studio Version 17
VisualStudioVersion = 17.4.33122.133
MinimumVisualStudioVersion = 10.0.40219.1
Project("{FAE04EC0-301F-11D3-BF4B-00C04F79EFBC}") = "Лаба№1", "Лаба№1\Лаба№1.csproj", "{D8E38735-00FE-42CA-9458-F9AC4728CA3C}"
EndProject
Global
	GlobalSection(SolutionConfigurationPlatforms) = preSolution
		Debug|Any CPU = Debug|Any CPU
		Release|Any CPU = Release|Any CPU
	EndGlobalSection
	GlobalSection(ProjectConfigurationPlatforms) = postSolution
		{D8E38735-00FE-42CA-9458-F9AC4728CA3C}.Debug|Any CPU.ActiveCfg = Debug|Any CPU
		{D8E38735-00FE-42CA-9458-F9AC4728CA3C}.Debug|Any CPU.Build.0 = Debug|Any CPU
		{D8E38735-00FE-42CA-9458-F9AC4728CA3C}.Release|Any CPU.ActiveCfg = Release|Any CPU
		{D8E38735-00FE-42CA-9458-F9AC4728CA3C}.Release|Any CPU.Build.0 = Release|Any CPU
	EndGlobalSection
	GlobalSection(SolutionProperties) = preSolution
		HideSolutionNode = FALSE
	EndGlobalSection
	GlobalSection(ExtensibilityGlobals) = postSolution
		SolutionGuid = {7E7E4039-065C-4C79-B08B-ACC1772DC53C}
	EndGlobalSection
EndGlobal
