
Microsoft Visual Studio Solution File, Format Version 12.00
# Visual Studio Version 17
VisualStudioVersion = 17.4.33122.133
MinimumVisualStudioVersion = 10.0.40219.1
Project("{FAE04EC0-301F-11D3-BF4B-00C04F79EFBC}") = "Лаба№6_3", "Лаба№6_3\Лаба№6_3.csproj", "{388E7A62-500A-4793-89DE-45E3CCEDDC64}"
EndProject
Global
	GlobalSection(SolutionConfigurationPlatforms) = preSolution
		Debug|Any CPU = Debug|Any CPU
		Release|Any CPU = Release|Any CPU
	EndGlobalSection
	GlobalSection(ProjectConfigurationPlatforms) = postSolution
		{388E7A62-500A-4793-89DE-45E3CCEDDC64}.Debug|Any CPU.ActiveCfg = Debug|Any CPU
		{388E7A62-500A-4793-89DE-45E3CCEDDC64}.Debug|Any CPU.Build.0 = Debug|Any CPU
		{388E7A62-500A-4793-89DE-45E3CCEDDC64}.Release|Any CPU.ActiveCfg = Release|Any CPU
		{388E7A62-500A-4793-89DE-45E3CCEDDC64}.Release|Any CPU.Build.0 = Release|Any CPU
	EndGlobalSection
	GlobalSection(SolutionProperties) = preSolution
		HideSolutionNode = FALSE
	EndGlobalSection
	GlobalSection(ExtensibilityGlobals) = postSolution
		SolutionGuid = {958A0A69-8EE9-453C-B1A9-C45BF7EFE41E}
	EndGlobalSection
EndGlobal
